
Microsoft Visual Studio Solution File, Format Version 12.00
# Visual Studio Version 17
VisualStudioVersion = 17.3.32825.248
MinimumVisualStudioVersion = 10.0.40219.1
Project("{FAE04EC0-301F-11D3-BF4B-00C04F79EFBC}") = "Проект номер 1", "Проект номер 1\Проект номер 1.csproj", "{AAFBF782-E322-4949-95CB-17D01B5965BB}"
EndProject
Global
	GlobalSection(SolutionConfigurationPlatforms) = preSolution
		Debug|Any CPU = Debug|Any CPU
		Release|Any CPU = Release|Any CPU
	EndGlobalSection
	GlobalSection(ProjectConfigurationPlatforms) = postSolution
		{AAFBF782-E322-4949-95CB-17D01B5965BB}.Debug|Any CPU.ActiveCfg = Debug|Any CPU
		{AAFBF782-E322-4949-95CB-17D01B5965BB}.Debug|Any CPU.Build.0 = Debug|Any CPU
		{AAFBF782-E322-4949-95CB-17D01B5965BB}.Release|Any CPU.ActiveCfg = Release|Any CPU
		{AAFBF782-E322-4949-95CB-17D01B5965BB}.Release|Any CPU.Build.0 = Release|Any CPU
	EndGlobalSection
	GlobalSection(SolutionProperties) = preSolution
		HideSolutionNode = FALSE
	EndGlobalSection
	GlobalSection(ExtensibilityGlobals) = postSolution
		SolutionGuid = {A604561A-97F0-4953-ACD2-6453A9BD9B76}
	EndGlobalSection
EndGlobal
